
Microsoft Visual Studio Solution File, Format Version 12.00
# Visual Studio Version 17
VisualStudioVersion = 17.7.33913.275
MinimumVisualStudioVersion = 10.0.40219.1
Project("{2150E333-8FDC-42A3-9474-1A3956D46DE8}") = "src", "src", "{662268E9-BD01-43C7-924B-F4F285C8D391}"
EndProject
Project("{2150E333-8FDC-42A3-9474-1A3956D46DE8}") = "common", "common", "{09A80297-F0EB-4A8F-8CD1-20DF8AD12D38}"
	ProjectSection(SolutionItems) = preProject
		README.md = README.md
		.editorconfig = .editorconfig
		.gitignore = .gitignore
		.gitmodules = .gitmodules
		.github\workflows\dotnet-desktop.yml = .github\workflows\dotnet-desktop.yml
	EndProjectSection
EndProject
Project("{FAE04EC0-301F-11D3-BF4B-00C04F79EFBC}") = "GamerVII.Launcher", "src\GamerVII.Launcher\GamerVII.Launcher.csproj", "{31859677-ACD0-48C0-A4EB-502CDBB7F07A}"
EndProject
Project("{2150E333-8FDC-42A3-9474-1A3956D46DE8}") = "tests", "tests", "{793FCF04-CB68-4093-9A0F-57A0CA4475AA}"
EndProject
Project("{FAE04EC0-301F-11D3-BF4B-00C04F79EFBC}") = "GamerVII.Launcher.Tests", "tests\GamerVII.Launcher.Tests\GamerVII.Launcher.Tests.csproj", "{787232DD-3F4F-4B12-8297-455C9A4C3A43}"
EndProject
Project("{FAE04EC0-301F-11D3-BF4B-00C04F79EFBC}") = "GamerVII.Notification.Avalonia", "src\GamerVII.Notification.Avalonia\GamerVII.Notification.Avalonia\GamerVII.Notification.Avalonia.csproj", "{B792AA78-60F3-4EEF-B0FD-129ACD2ACD89}"
EndProject
Project("{FAE04EC0-301F-11D3-BF4B-00C04F79EFBC}") = "CmlLib.Core.Installer.Forge", "src\CmlLib.Core.Installer.Forge\CmlLib.Core.Installer.Forge\CmlLib.Core.Installer.Forge.csproj", "{C1729538-FF80-4E87-B907-AB61C667E6CD}"
EndProject
Global
	GlobalSection(SolutionConfigurationPlatforms) = preSolution
		Debug|Any CPU = Debug|Any CPU
		Release|Any CPU = Release|Any CPU
	EndGlobalSection
	GlobalSection(ProjectConfigurationPlatforms) = postSolution
		{31859677-ACD0-48C0-A4EB-502CDBB7F07A}.Debug|Any CPU.ActiveCfg = Debug|Any CPU
		{31859677-ACD0-48C0-A4EB-502CDBB7F07A}.Debug|Any CPU.Build.0 = Debug|Any CPU
		{31859677-ACD0-48C0-A4EB-502CDBB7F07A}.Release|Any CPU.ActiveCfg = Release|Any CPU
		{31859677-ACD0-48C0-A4EB-502CDBB7F07A}.Release|Any CPU.Build.0 = Release|Any CPU
		{787232DD-3F4F-4B12-8297-455C9A4C3A43}.Debug|Any CPU.ActiveCfg = Debug|Any CPU
		{787232DD-3F4F-4B12-8297-455C9A4C3A43}.Debug|Any CPU.Build.0 = Debug|Any CPU
		{787232DD-3F4F-4B12-8297-455C9A4C3A43}.Release|Any CPU.ActiveCfg = Release|Any CPU
		{787232DD-3F4F-4B12-8297-455C9A4C3A43}.Release|Any CPU.Build.0 = Release|Any CPU
		{B792AA78-60F3-4EEF-B0FD-129ACD2ACD89}.Debug|Any CPU.ActiveCfg = Debug|Any CPU
		{B792AA78-60F3-4EEF-B0FD-129ACD2ACD89}.Debug|Any CPU.Build.0 = Debug|Any CPU
		{B792AA78-60F3-4EEF-B0FD-129ACD2ACD89}.Release|Any CPU.ActiveCfg = Release|Any CPU
		{B792AA78-60F3-4EEF-B0FD-129ACD2ACD89}.Release|Any CPU.Build.0 = Release|Any CPU
		{C1729538-FF80-4E87-B907-AB61C667E6CD}.Debug|Any CPU.ActiveCfg = Debug|Any CPU
		{C1729538-FF80-4E87-B907-AB61C667E6CD}.Debug|Any CPU.Build.0 = Debug|Any CPU
		{C1729538-FF80-4E87-B907-AB61C667E6CD}.Release|Any CPU.ActiveCfg = Release|Any CPU
		{C1729538-FF80-4E87-B907-AB61C667E6CD}.Release|Any CPU.Build.0 = Release|Any CPU
	EndGlobalSection
	GlobalSection(SolutionProperties) = preSolution
		HideSolutionNode = FALSE
	EndGlobalSection
	GlobalSection(ExtensibilityGlobals) = postSolution
		SolutionGuid = {E0375879-A52D-4581-81EF-7A27063F494F}
	EndGlobalSection
	GlobalSection(NestedProjects) = preSolution
		{31859677-ACD0-48C0-A4EB-502CDBB7F07A} = {662268E9-BD01-43C7-924B-F4F285C8D391}
		{787232DD-3F4F-4B12-8297-455C9A4C3A43} = {793FCF04-CB68-4093-9A0F-57A0CA4475AA}
		{B792AA78-60F3-4EEF-B0FD-129ACD2ACD89} = {662268E9-BD01-43C7-924B-F4F285C8D391}
		{C1729538-FF80-4E87-B907-AB61C667E6CD} = {662268E9-BD01-43C7-924B-F4F285C8D391}
	EndGlobalSection
EndGlobal
